
Microsoft Visual Studio Solution File, Format Version 12.00
# Visual Studio Version 17
VisualStudioVersion = 17.0.31912.275
MinimumVisualStudioVersion = 10.0.40219.1
Project("{9A19103F-16F7-4668-BE54-9A1E7A4F7556}") = "AoC2021", "AoC_2021\AoC2021.csproj", "{3E95C43F-4DF7-4A72-B657-09A43AF35CC8}"
EndProject
Project("{9A19103F-16F7-4668-BE54-9A1E7A4F7556}") = "AoC2021Tests", "AoC2021_Tests\AoC2021Tests.csproj", "{8743F924-5D91-4934-B106-107F20C3C015}"
EndProject
Global
	GlobalSection(SolutionConfigurationPlatforms) = preSolution
		Debug|Any CPU = Debug|Any CPU
		Release|Any CPU = Release|Any CPU
	EndGlobalSection
	GlobalSection(ProjectConfigurationPlatforms) = postSolution
		{3E95C43F-4DF7-4A72-B657-09A43AF35CC8}.Debug|Any CPU.ActiveCfg = Debug|Any CPU
		{3E95C43F-4DF7-4A72-B657-09A43AF35CC8}.Debug|Any CPU.Build.0 = Debug|Any CPU
		{3E95C43F-4DF7-4A72-B657-09A43AF35CC8}.Release|Any CPU.ActiveCfg = Release|Any CPU
		{3E95C43F-4DF7-4A72-B657-09A43AF35CC8}.Release|Any CPU.Build.0 = Release|Any CPU
		{8743F924-5D91-4934-B106-107F20C3C015}.Debug|Any CPU.ActiveCfg = Debug|Any CPU
		{8743F924-5D91-4934-B106-107F20C3C015}.Debug|Any CPU.Build.0 = Debug|Any CPU
		{8743F924-5D91-4934-B106-107F20C3C015}.Release|Any CPU.ActiveCfg = Release|Any CPU
		{8743F924-5D91-4934-B106-107F20C3C015}.Release|Any CPU.Build.0 = Release|Any CPU
	EndGlobalSection
	GlobalSection(SolutionProperties) = preSolution
		HideSolutionNode = FALSE
	EndGlobalSection
	GlobalSection(ExtensibilityGlobals) = postSolution
		SolutionGuid = {3F1013A0-401D-4F8F-8789-B974C5E275BC}
	EndGlobalSection
EndGlobal
